
Microsoft Visual Studio Solution File, Format Version 12.00
# Visual Studio Version 16
VisualStudioVersion = 16.0.30517.126
MinimumVisualStudioVersion = 10.0.40219.1
Project("{FAE04EC0-301F-11D3-BF4B-00C04F79EFBC}") = "SalesWebMvc", "SalesWebMvc\SalesWebMvc.csproj", "{45C01894-7269-4B39-99CB-EC4B1B70F0F6}"
EndProject
Global
	GlobalSection(SolutionConfigurationPlatforms) = preSolution
		Debug|Any CPU = Debug|Any CPU
		Release|Any CPU = Release|Any CPU
	EndGlobalSection
	GlobalSection(ProjectConfigurationPlatforms) = postSolution
		{45C01894-7269-4B39-99CB-EC4B1B70F0F6}.Debug|Any CPU.ActiveCfg = Debug|Any CPU
		{45C01894-7269-4B39-99CB-EC4B1B70F0F6}.Debug|Any CPU.Build.0 = Debug|Any CPU
		{45C01894-7269-4B39-99CB-EC4B1B70F0F6}.Release|Any CPU.ActiveCfg = Release|Any CPU
		{45C01894-7269-4B39-99CB-EC4B1B70F0F6}.Release|Any CPU.Build.0 = Release|Any CPU
	EndGlobalSection
	GlobalSection(SolutionProperties) = preSolution
		HideSolutionNode = FALSE
	EndGlobalSection
	GlobalSection(ExtensibilityGlobals) = postSolution
		SolutionGuid = {8057A0E1-98D6-4546-A9CF-6C471BBC1B48}
	EndGlobalSection
EndGlobal
